{
  "name": "node-sample-v18.16",
  "version": "1.0.0",
  "lockfileVersion": 1,
  "requires": true,
  "dependencies": {
    "cobalt-log": {
      "version": "git+ssh://git@github.com/freshout-dev/cobalt-log.git#d1e0bc06bd39d7e78ab410f01272ff5111b0ad21",
      "from": "git+ssh://git@github.com/freshout-dev/cobalt-log.git#remove-microtime",
      "requires": {
        "colors": "1.4.0",
        "json3": "^3.3.2",
        "neon": "^2.0.0"
      }
    },
    "colors": {
      "version": "1.4.0",
      "resolved": "https://registry.npmjs.org/colors/-/colors-1.4.0.tgz",
      "integrity": "sha512-a+UqTh4kgZg/SlGvfbzDHpgRu7AAQOmmqRHJnxhRZICKFUT91brVhNNt58CMWU9PsBbv3PDCZUHbVxuDiH2mtA=="
    },
    "json3": {
      "version": "3.3.3",
      "resolved": "https://registry.npmjs.org/json3/-/json3-3.3.3.tgz",
      "integrity": "sha512-c7/8mbUsKigAbLkD5B010BK4D9LZm7A1pNItkEwiUZRpIN66exu/e7YQWysGun+TRKaJp8MhemM+VkfWv42aCA=="
    },
    "neon": {
      "version": "2.0.0",
      "resolved": "https://registry.npmjs.org/neon/-/neon-2.0.0.tgz",
      "integrity": "sha512-maODYM+0IkYDPOD0VAuptjrAXowLAPLpRuBdTroj29ZpQWwtwehXAI6nQvb4+10qipE0ZwweVv2F0tuQvpIVFA=="
    }
  }
}
